Microsoft Visual Studio Solution File, Format Version 12.00
# Visual Studio Version 16
VisualStudioVersion = 16.0.29911.84
MinimumVisualStudioVersion = 10.0.40219.1
Project("{9A19103F-16F7-4668-BE54-9A1E7A4F7556}") = "MA", "MA.csproj", "{B9BE8C6A-8C50-489F-A9E3-C7078429CB39}"
EndProject
Project("{FAE04EC0-301F-11D3-BF4B-00C04F79EFBC}") = "MA.iOS", "..\MA.iOS\MA.iOS.csproj", "{767577F2-A389-4FF2-813C-7B85CC6CE5C3}"
EndProject
Project("{FAE04EC0-301F-11D3-BF4B-00C04F79EFBC}") = "MA.Android", "..\MA.Android\MA.Android.csproj", "{1A371F49-6A5D-4D10-82B9-FBB1DE296256}"
EndProject
Global
	GlobalSection(SolutionConfigurationPlatforms) = preSolution
		Debug|Any CPU = Debug|Any CPU
		Debug|iPhone = Debug|iPhone
		Debug|iPhoneSimulator = Debug|iPhoneSimulator
		Release|Any CPU = Release|Any CPU
		Release|iPhone = Release|iPhone
		Release|iPhoneSimulator = Release|iPhoneSimulator
	EndGlobalSection
	GlobalSection(ProjectConfigurationPlatforms) = postSolution
		{B9BE8C6A-8C50-489F-A9E3-C7078429CB39}.Debug|Any CPU.ActiveCfg = Debug|Any CPU
		{B9BE8C6A-8C50-489F-A9E3-C7078429CB39}.Debug|Any CPU.Build.0 = Debug|Any CPU
		{B9BE8C6A-8C50-489F-A9E3-C7078429CB39}.Debug|iPhone.ActiveCfg = Debug|Any CPU
		{B9BE8C6A-8C50-489F-A9E3-C7078429CB39}.Debug|iPhone.Build.0 = Debug|Any CPU
		{B9BE8C6A-8C50-489F-A9E3-C7078429CB39}.Debug|iPhoneSimulator.ActiveCfg = Debug|Any CPU
		{B9BE8C6A-8C50-489F-A9E3-C7078429CB39}.Debug|iPhoneSimulator.Build.0 = Debug|Any CPU
		{B9BE8C6A-8C50-489F-A9E3-C7078429CB39}.Release|Any CPU.ActiveCfg = Release|Any CPU
		{B9BE8C6A-8C50-489F-A9E3-C7078429CB39}.Release|Any CPU.Build.0 = Release|Any CPU
		{B9BE8C6A-8C50-489F-A9E3-C7078429CB39}.Release|iPhone.ActiveCfg = Release|Any CPU
		{B9BE8C6A-8C50-489F-A9E3-C7078429CB39}.Release|iPhone.Build.0 = Release|Any CPU
		{B9BE8C6A-8C50-489F-A9E3-C7078429CB39}.Release|iPhoneSimulator.ActiveCfg = Release|Any CPU
		{B9BE8C6A-8C50-489F-A9E3-C7078429CB39}.Release|iPhoneSimulator.Build.0 = Release|Any CPU
		{767577F2-A389-4FF2-813C-7B85CC6CE5C3}.Debug|Any CPU.ActiveCfg = Debug|iPhoneSimulator
		{767577F2-A389-4FF2-813C-7B85CC6CE5C3}.Debug|Any CPU.Build.0 = Debug|iPhoneSimulator
		{767577F2-A389-4FF2-813C-7B85CC6CE5C3}.Debug|iPhone.ActiveCfg = Debug|iPhone
		{767577F2-A389-4FF2-813C-7B85CC6CE5C3}.Debug|iPhone.Build.0 = Debug|iPhone
		{767577F2-A389-4FF2-813C-7B85CC6CE5C3}.Debug|iPhoneSimulator.ActiveCfg = Debug|iPhoneSimulator
		{767577F2-A389-4FF2-813C-7B85CC6CE5C3}.Debug|iPhoneSimulator.Build.0 = Debug|iPhoneSimulator
		{767577F2-A389-4FF2-813C-7B85CC6CE5C3}.Release|Any CPU.ActiveCfg = Release|iPhoneSimulator
		{767577F2-A389-4FF2-813C-7B85CC6CE5C3}.Release|Any CPU.Build.0 = Release|iPhoneSimulator
		{767577F2-A389-4FF2-813C-7B85CC6CE5C3}.Release|iPhone.ActiveCfg = Release|iPhone
		{767577F2-A389-4FF2-813C-7B85CC6CE5C3}.Release|iPhone.Build.0 = Release|iPhone
		{767577F2-A389-4FF2-813C-7B85CC6CE5C3}.Release|iPhoneSimulator.ActiveCfg = Release|iPhoneSimulator
		{767577F2-A389-4FF2-813C-7B85CC6CE5C3}.Release|iPhoneSimulator.Build.0 = Release|iPhoneSimulator
		{1A371F49-6A5D-4D10-82B9-FBB1DE296256}.Debug|Any CPU.ActiveCfg = Debug|Any CPU
		{1A371F49-6A5D-4D10-82B9-FBB1DE296256}.Debug|Any CPU.Build.0 = Debug|Any CPU
		{1A371F49-6A5D-4D10-82B9-FBB1DE296256}.Debug|Any CPU.Deploy.0 = Debug|Any CPU
		{1A371F49-6A5D-4D10-82B9-FBB1DE296256}.Debug|iPhone.ActiveCfg = Debug|Any CPU
		{1A371F49-6A5D-4D10-82B9-FBB1DE296256}.Debug|iPhone.Build.0 = Debug|Any CPU
		{1A371F49-6A5D-4D10-82B9-FBB1DE296256}.Debug|iPhoneSimulator.ActiveCfg = Debug|Any CPU
		{1A371F49-6A5D-4D10-82B9-FBB1DE296256}.Debug|iPhoneSimulator.Build.0 = Debug|Any CPU
		{1A371F49-6A5D-4D10-82B9-FBB1DE296256}.Release|Any CPU.ActiveCfg = Release|Any CPU
		{1A371F49-6A5D-4D10-82B9-FBB1DE296256}.Release|Any CPU.Build.0 = Release|Any CPU
		{1A371F49-6A5D-4D10-82B9-FBB1DE296256}.Release|iPhone.ActiveCfg = Release|Any CPU
		{1A371F49-6A5D-4D10-82B9-FBB1DE296256}.Release|iPhone.Build.0 = Release|Any CPU
		{1A371F49-6A5D-4D10-82B9-FBB1DE296256}.Release|iPhoneSimulator.ActiveCfg = Release|Any CPU
		{1A371F49-6A5D-4D10-82B9-FBB1DE296256}.Release|iPhoneSimulator.Build.0 = Release|Any CPU
	EndGlobalSection
	GlobalSection(SolutionProperties) = preSolution
		HideSolutionNode = FALSE
	EndGlobalSection
	GlobalSection(ExtensibilityGlobals) = postSolution
		SolutionGuid = {29DBDDBC-EABF-41D7-A973-539FF9B736E7}
	EndGlobalSection
EndGlobal
